
Microsoft Visual Studio Solution File, Format Version 12.00
# Visual Studio Version 16
VisualStudioVersion = 16.0.31402.337
MinimumVisualStudioVersion = 10.0.40219.1
Project("{FAE04EC0-301F-11D3-BF4B-00C04F79EFBC}") = "DIO_Series", "DIO_Series.csproj", "{938344AA-B10D-4D7F-81E8-0AC5567AB5F3}"
EndProject
Global
	GlobalSection(SolutionConfigurationPlatforms) = preSolution
		Debug|Any CPU = Debug|Any CPU
		Release|Any CPU = Release|Any CPU
	EndGlobalSection
	GlobalSection(ProjectConfigurationPlatforms) = postSolution
		{938344AA-B10D-4D7F-81E8-0AC5567AB5F3}.Debug|Any CPU.ActiveCfg = Debug|Any CPU
		{938344AA-B10D-4D7F-81E8-0AC5567AB5F3}.Debug|Any CPU.Build.0 = Debug|Any CPU
		{938344AA-B10D-4D7F-81E8-0AC5567AB5F3}.Release|Any CPU.ActiveCfg = Release|Any CPU
		{938344AA-B10D-4D7F-81E8-0AC5567AB5F3}.Release|Any CPU.Build.0 = Release|Any CPU
	EndGlobalSection
	GlobalSection(SolutionProperties) = preSolution
		HideSolutionNode = FALSE
	EndGlobalSection
	GlobalSection(ExtensibilityGlobals) = postSolution
		SolutionGuid = {F0DA23C0-1041-4A43-ACF1-262E63F1C2B4}
	EndGlobalSection
EndGlobal
